
Microsoft Visual Studio Solution File, Format Version 12.00
# Visual Studio Version 17
VisualStudioVersion = 17.0.31912.275
MinimumVisualStudioVersion = 10.0.40219.1
Project("{FAE04EC0-301F-11D3-BF4B-00C04F79EFBC}") = "ExercicioBanco", "ExercicioBanco\ExercicioBanco.csproj", "{31CC89CF-F396-47E1-B7CC-E7102CEFBA7E}"
EndProject
Global
	GlobalSection(SolutionConfigurationPlatforms) = preSolution
		Debug|Any CPU = Debug|Any CPU
		Release|Any CPU = Release|Any CPU
	EndGlobalSection
	GlobalSection(ProjectConfigurationPlatforms) = postSolution
		{31CC89CF-F396-47E1-B7CC-E7102CEFBA7E}.Debug|Any CPU.ActiveCfg = Debug|Any CPU
		{31CC89CF-F396-47E1-B7CC-E7102CEFBA7E}.Debug|Any CPU.Build.0 = Debug|Any CPU
		{31CC89CF-F396-47E1-B7CC-E7102CEFBA7E}.Release|Any CPU.ActiveCfg = Release|Any CPU
		{31CC89CF-F396-47E1-B7CC-E7102CEFBA7E}.Release|Any CPU.Build.0 = Release|Any CPU
	EndGlobalSection
	GlobalSection(SolutionProperties) = preSolution
		HideSolutionNode = FALSE
	EndGlobalSection
	GlobalSection(ExtensibilityGlobals) = postSolution
		SolutionGuid = {6EA80823-9935-4472-BB90-01F94E1355E4}
	EndGlobalSection
EndGlobal
